schema: '2.0'
stages:
  tokenize:
    cmd: mkdir -p tokenizer/build && cmake -S tokenizer -B tokenizer/build 
      -DCMAKE_BUILD_TYPE=Release && cmake --build tokenizer/build -j$(nproc) && 
      ./tokenizer/build/tokenize
    deps:
    - path: tokenizer/CMakeLists.txt
      hash: md5
      md5: a4405d1f0a2e1dd5f723ca8e96c2a227
      size: 5323
    - path: tokenizer/src/lib/dataloader.cpp
      hash: md5
      md5: 53ebf2ee5ada158ea331af08bcf08c69
      size: 2070
    - path: tokenizer/src/lib/dataloader.hpp
      hash: md5
      md5: 8c74b03b4a1f4f941751083457b5f6ca
      size: 600
    - path: tokenizer/src/lib/io.cpp
      hash: md5
      md5: 29106b39a48a20faa8d1973ede05ff93
      size: 6004
    - path: tokenizer/src/lib/io.hpp
      hash: md5
      md5: a8177ebb8c302e566c180770cdc09639
      size: 965
    - path: tokenizer/src/lib/text.cpp
      hash: md5
      md5: 419b587d7e870e7665231a8376ea9481
      size: 2872
    - path: tokenizer/src/lib/text.hpp
      hash: md5
      md5: d3d105e19ac1861ea43655dcf6cbfd6e
      size: 134
    - path: tokenizer/src/lib/threading.cpp
      hash: md5
      md5: 5497a70216e75242a6b969862c92fc3b
      size: 1367
    - path: tokenizer/src/lib/threading.hpp
      hash: md5
      md5: 36ad00dece0ca60fdd9f73d4d3d2e982
      size: 1134
    - path: tokenizer/src/lib/tokenizer.cpp
      hash: md5
      md5: cd155bc8db382f7b3dc9b7c6eab09d1d
      size: 42063
    - path: tokenizer/src/lib/tokenizer.hpp
      hash: md5
      md5: b7bea226ec8c03212c41cd4bc974d5c6
      size: 2969
    - path: tokenizer/src/tokenize.cpp
      hash: md5
      md5: 27da883c0b138a5a88a347124ce92d52
      size: 4001
    params:
      params.yaml:
        tokenize:
          dataset_path: data/py150/data
          glob_pattern: '*.py'
          seed: 42
          max_unique_words: 0
          vocab_size: 20260
          pattern: "'(?i:[sdmt]|ll|ve|re)| ?[A-Za-z_(][A-Za-z_.]*|%(?:\\.\\d+)?[sdifFeEgGxXoc%]|[0-9]{1,3}|
            ?[^ %_A-Za-z0-9]+(?: \")?[\\r\\n]*|%|\\s+$|\\s+(?=\\s)|\\s"
          bos_token: <|startoftext|>
          eos_token: <|endoftext|>
          pad_token: <|pad|>
          dataset_file: out/tokenize/dataset.bin
          tok_file: out/tokenize/tok.bin
    outs:
    - path: out/tokenize
      hash: md5
      md5: 4e90246a8c7f70c0d9a2a4d5d86835a5.dir
      size: 859062588
      nfiles: 2
  train:
    cmd: uv run python src/train.py
    deps:
    - path: out/tokenize
      hash: md5
      md5: 4e90246a8c7f70c0d9a2a4d5d86835a5.dir
      size: 859062588
      nfiles: 2
    - path: src/dataloaders/py150.py
      hash: md5
      md5: 0cb9c3ecbed9fd36b4586d114b6942e0
      size: 7779
    - path: src/dataloaders/py150_dataloader.py
      hash: md5
      md5: 4cc60f04ffe920577911675367972a52
      size: 8909
    - path: src/models/qwen3.py
      hash: md5
      md5: cc122cd12a2e5bfe66f3f9326e9ba2ed
      size: 10531
    - path: src/train.py
      hash: md5
      md5: df95b2145d8a6e4c283a1569e0209cc0
      size: 8895
    - path: src/trainers/trainer.py
      hash: md5
      md5: b27b12110a5d50246bef81acb3381afe
      size: 19386
    params:
      params.yaml:
        data.bos_token_id: 20256
        data.eos_token_id: 20257
        data.max_tokens: 100000000
        data.num_workers: 8
        data.pad_token_id: 20258
        data.seq_length: 256
        model:
          hidden_size: 512
          num_hidden_layers: 4
          num_attention_heads: 16
          num_key_value_heads: 8
          intermediate_size: 2048
          max_position_embeddings: 512
          rope_theta: 10000.0
          attention_dropout: 0.1
          rms_norm_eps: 1e-06
          use_sliding_window: false
          sliding_window: 4096
        tokenize.dataset_file: out/tokenize/dataset.bin
        tokenize.tok_file: out/tokenize/tok.bin
        tokenize.vocab_size: 20260
        training:
          prefix: qwen3
          batch_size: 32
          epochs: 2
          lr: 0.0001
          weight_decay: 0.1
          grad_clip: 1.0
          gradient_accumulation_steps: 4
          use_amp: true
          compile_mode: max-autotune
          devices: 1
          strategy: auto
          seed: 42
          warmup_steps: 3000
          scheduler_t_max_steps:
          log_every_n_steps: 50
          val_every_n_steps: 1000
          save_dir: out/train/checkpoints
          log_dir: out/train/logs
    outs:
    - path: out/train/checkpoints/best.ckpt
      hash: md5
      md5: dc751d39bff76413ab3cab6c7a2a8770
      size: 551072135
    - path: out/train/checkpoints/latest.ckpt
      hash: md5
      md5: dc751d39bff76413ab3cab6c7a2a8770
      size: 551072135
    - path: out/train/checkpoints/metrics.json
      hash: md5
      md5: 48ec60645fa769273a2a9ee53b66b871
      size: 199
    - path: out/train/logs
      hash: md5
      md5: e6298d21983efda7012d30455666bced.dir
      size: 125489
      nfiles: 3
